github.com/boltdb/bolt v1.3.2-0.20171120010307-9da317453632 h1:5cBPp9mZiSPzQ3mQApXoSKhE27Bbrka0g+tsxXZ09lI=
github.com/boltdb/bolt v1.3.2-0.20171120010307-9da317453632/go.mod h1:clJnj/oiGkjum5o1McbSZDSLxVThjynRyGBgiAx27Ps=
github.com/dlclark/regexp2 v1.1.7-0.20171009020623-7632a260cbaf h1:uOWCk+L8abzw0BzmnCn7j7VT3g6bv9zW8fkR0yOP0Q4=
github.com/dlclark/regexp2 v1.1.7-0.20171009020623-7632a260cbaf/go.mod h1:2pZnwuY/m+8K6iRw6wQdMtk+rH5tNGR1i55kozfMjCc=
github.com/dop251/goja v0.0.0-20180113122955-eab79f83e840 h1:c8hPp5t1uP4cfZ+HhsoVbbarv1rQrrjRTbQhf3IDFpY=
github.com/dop251/goja v0.0.0-20180113122955-eab79f83e840/go.mod h1:Mw6PkjjMXWbTj+nnj4s3QPXq1jaT0s5pC0iFD4+BOAA=
github.com/eclipse/paho.mqtt.golang v1.1.1-0.20180119122119-bab87cde322c h1:KYAkczL77B7ZRPFPpt3yCvwHLIqcbLSWt9GN7N5Jxkw=
github.com/eclipse/paho.mqtt.golang v1.1.1-0.20180119122119-bab87cde322c/go.mod h1:H9keYFcgq3Qr5OUJm/JZI/i6U7joQ8SYLhZwfeOo6Ts=
github.com/google/uuid v0.0.0-20171129191014-dec09d789f3d h1:rXQlD9GXkjA/PQZhmEaF/8Pj/sJfdZJK7GJG0gkS8I0=
github.com/google/uuid v0.0.0-20171129191014-dec09d789f3d/go.mod h1:TIyPZe4MgqvfeYDBFedMoGGpEw/LqOeaOT+nhxU+yHo=
github.com/gorilla/websocket v1.1.1-0.20170319172727-a91eba7f9777 h1:2Wp9JIvcGxCnl0ju03V2uMMLBwP/NXsgc/U8qwb/rp8=
github.com/gorilla/websocket v1.1.1-0.20170319172727-a91eba7f9777/go.mod h1:E7qHFY5m1UJ88s3WnNqhKjPHQ0heANvMoAMk2YaljkQ=
github.com/gosimple/slug v1.9.0 h1:r5vDcYrFz9BmfIAMC829un9hq7hKM4cHUrsv36LbEqs=
github.com/gosimple/slug v1.9.0/go.mod h1:AMZ+sOVe65uByN3kgEyf9WEBKBCSS+dJjMX9x4vDJbg=
github.com/hashicorp/hcl v0.0.0-20171017181929-23c074d0eceb h1:1OvvPvZkn/yCQ3xBcM8y4020wdkMXPHLB4+NfoGWh4U=
github.com/hashicorp/hcl v0.0.0-20171017181929-23c074d0eceb/go.mod h1:oZtUIOe8dh44I2q6ScRibXws4Ajl+d+nod3AaR9vL5w=
github.com/huin/goupnp v0.0.0-20161031181547-949b8a77532a h1:Tm2jwMQDX/TrY8ugku/wo6qysTxk1VK0ZLj97oB0iYk=
github.com/huin/goupnp v0.0.0-20161031181547-949b8a77532a/go.mod h1:MZ2ZmwcBpvOoJ22IJsc7va19ZwoheaBk43rKg12SKag=
github.com/orktes/go-alexa-smarthome v0.0.0-20180206162147-ccf08e39fe9c h1:DutuBFEqQYI7tYp20xicHqRI5wfn5XaDVjfRYXkLII0=
github.com/orktes/go-alexa-smarthome v0.0.0-20180206162147-ccf08e39fe9c/go.mod h1:cGxcdfNa6sTpshvcesrv4OcvdtwdONo5cmrwB/NpSJ4=
github.com/orktes/go-dra v0.0.0-20180112202255-9577fde8e0a9 h1:GHYx2zEEAne/EZwBNZRTPCgc9Us6HLi7wmxNg7VfuzA=
github.com/orktes/go-dra v0.0.0-20180112202255-9577fde8e0a9/go.mod h1:qYiAxmmrQRertwvq8pGRUblhcGsQkIf5axrM9GDxitk=
github.com/orktes/go-lambda-mqtt v0.0.0-20180128132549-931bf482b0eb h1:eVogApKAyhMZG4CBMDRijwX564cG6Xw933BVn1+WZVo=
github.com/orktes/go-lambda-mqtt v0.0.0-20180128132549-931bf482b0eb/go.mod h1:uzn8iuKoTYvwdb03m/fQ09bicEryMekNOQSC4BLn5EE=
github.com/orktes/goja v0.0.0-20180113170533-de745b3ac56f h1:SJIDCQlkMs6D3imCAzqtKvE7pWZ6XO72nemqpIguDrI=
github.com/orktes/goja v0.0.0-20180113170533-de745b3ac56f/go.mod h1:H+z6ZRyqaxJP/ZbufGrdwjjp2/BpbCWm/1Iw3I92FAQ=
github.com/rainycape/unidecode v0.0.0-20150907023854-cb7f23ec59be h1:ta7tUOvsPHVHGom5hKW5VXNc2xZIkfCKP8iaqOyYtUQ=
github.com/rainycape/unidecode v0.0.0-20150907023854-cb7f23ec59be/go.mod h1:MIDFMn7db1kT65GmV94GzpX9Qdi7N/pQlwb+AN8wh+Q=
github.com/sabhiram/go-wol v0.0.0-20170504012614-dfbff1fb80e2 h1:WgdN61PgQMV65WuTgwxOiwTjcWYb4K/6CiyPP/ItQpY=
github.com/sabhiram/go-wol v0.0.0-20170504012614-dfbff1fb80e2/go.mod h1:AffUstocTLVvn70vkOhskhHqSg6jLiJpOlnC8o74ATM=
golang.org/x/net v0.0.0-20170413175226-5602c733f70a h1:U+RBxJXt1cn83eNU5KfO0ABG27IrDKWhrbr9MBCri/s=
golang.org/x/net v0.0.0-20170413175226-5602c733f70a/go.mod h1:mL1N/T3taQHkDXs73rZJwtUhF3w3ftmwwsq0BUmARs4=
golang.org/x/sys v0.0.0-20180110071738-810d70003458/go.mod h1:STP8DvDyc/dI5b8T5hshtkjS+E42TnysNCUPdjciGhY=
golang.org/x/text v0.3.1-0.20171227012246-e19ae1496984 h1:4S3Dic2vY09agWhKAjYa6buMB7HsLkVrliEHZclmmSU=
golang.org/x/text v0.3.1-0.20171227012246-e19ae1496984/go.mod h1:NqM8EUOU14njkJ3fqMW+pc6Ldnwhi/IjpwHt7yyuwOQ=
